go.bytecodealliance.org/cm v0.2.2 h1:M9iHS6qs884mbQbIjtLX1OifgyPG9DuMs2iwz8G4WQA=
go.bytecodealliance.org/cm v0.2.2/go.mod h1:JD5vtVNZv7sBoQQkvBvAAVKJPhR/bqBH7yYXTItMfZI=
go.wasmcloud.dev/component v0.0.7 h1:0yVg0hLqejQgj5mBu+mBDIGE4QPvZ16ALhhUSDkEbxY=
go.wasmcloud.dev/component v0.0.7/go.mod h1:Ww1oCrzFXk/QSlE7X/vJRI7rF3bmhCc/Usp7Isf8Atw=
